// !$*UTF8*$!
{
	archiveVersion = 1;
	classes = {
	};
	objectVersion = 50;
	objects = {

/* Begin PBXBuildFile section */
		03151D7D249371B800893669 /* ShapeView.swift in Sources */ = {isa = PBXBuildFile; fileRef = 03151D7C249371B800893669 /* ShapeView.swift */; };
		03151D80249374EC00893669 /* Shape.swift in Sources */ = {isa = PBXBuildFile; fileRef = 03151D7F249374EC00893669 /* Shape.swift */; };
		03151D82249375C500893669 /* Triangle.swift in Sources */ = {isa = PBXBuildFile; fileRef = 03151D81249375C500893669 /* Triangle.swift */; };
		03151D84249375F200893669 /* Circle.swift in Sources */ = {isa = PBXBuildFile; fileRef = 03151D83249375F200893669 /* Circle.swift */; };
		03151D862493760700893669 /* Squiggle.swift in Sources */ = {isa = PBXBuildFile; fileRef = 03151D852493760700893669 /* Squiggle.swift */; };
		03151D88249376B600893669 /* CardView.swift in Sources */ = {isa = PBXBuildFile; fileRef = 03151D87249376B600893669 /* CardView.swift */; };
		03344FBB24962BBD003ABFAC /* SetGameView.swift in Sources */ = {isa = PBXBuildFile; fileRef = 03344FBA24962BBD003ABFAC /* SetGameView.swift */; };
		03344FBD24964679003ABFAC /* SetGameViewController.swift in Sources */ = {isa = PBXBuildFile; fileRef = 03344FBC24964679003ABFAC /* SetGameViewController.swift */; };
		03390B0224A09E4000EBDD87 /* InitialViewController.swift in Sources */ = {isa = PBXBuildFile; fileRef = 03390B0124A09E4000EBDD87 /* InitialViewController.swift */; };
		036740FC24A8DFE7004B8A05 /* SinglePlayerViewController.swift in Sources */ = {isa = PBXBuildFile; fileRef = 036740FB24A8DFE7004B8A05 /* SinglePlayerViewController.swift */; };
		036740FE24A9F8C1004B8A05 /* MultiPlayerViewController.swift in Sources */ = {isa = PBXBuildFile; fileRef = 036740FD24A9F8C1004B8A05 /* MultiPlayerViewController.swift */; };
		0367410224AF372A004B8A05 /* SinglePlayerSet.swift in Sources */ = {isa = PBXBuildFile; fileRef = 0367410124AF372A004B8A05 /* SinglePlayerSet.swift */; };
		0367410424AF3733004B8A05 /* MultiPlayerSet.swift in Sources */ = {isa = PBXBuildFile; fileRef = 0367410324AF3733004B8A05 /* MultiPlayerSet.swift */; };
		0367410624AF3AE4004B8A05 /* SetGame.swift in Sources */ = {isa = PBXBuildFile; fileRef = 0367410524AF3AE4004B8A05 /* SetGame.swift */; };
		03CAEE55250D30AA0084AD47 /* Grid.swift in Sources */ = {isa = PBXBuildFile; fileRef = 03CAEE54250D30AA0084AD47 /* Grid.swift */; };
		03F6A01B244C385F00E1CFFA /* AppDelegate.swift in Sources */ = {isa = PBXBuildFile; fileRef = 03F6A01A244C385F00E1CFFA /* AppDelegate.swift */; };
		03F6A01D244C385F00E1CFFA /* SceneDelegate.swift in Sources */ = {isa = PBXBuildFile; fileRef = 03F6A01C244C385F00E1CFFA /* SceneDelegate.swift */; };
		03F6A022244C385F00E1CFFA /* Main.storyboard in Resources */ = {isa = PBXBuildFile; fileRef = 03F6A020244C385F00E1CFFA /* Main.storyboard */; };
		03F6A024244C386100E1CFFA /* Assets.xcassets in Resources */ = {isa = PBXBuildFile; fileRef = 03F6A023244C386100E1CFFA /* Assets.xcassets */; };
		03F6A027244C386100E1CFFA /* LaunchScreen.storyboard in Resources */ = {isa = PBXBuildFile; fileRef = 03F6A025244C386100E1CFFA /* LaunchScreen.storyboard */; };
		03F6A030244C947000E1CFFA /* Card.swift in Sources */ = {isa = PBXBuildFile; fileRef = 03F6A02F244C947000E1CFFA /* Card.swift */; };
/* End PBXBuildFile section */

/* Begin PBXFileReference section */
		03151D7C249371B800893669 /* ShapeView.swift */ = {isa = PBXFileReference; lastKnownFileType = sourcecode.swift; path = ShapeView.swift; sourceTree = "<group>"; };
		03151D7F249374EC00893669 /* Shape.swift */ = {isa = PBXFileReference; lastKnownFileType = sourcecode.swift; path = Shape.swift; sourceTree = "<group>"; };
		03151D81249375C500893669 /* Triangle.swift */ = {isa = PBXFileReference; lastKnownFileType = sourcecode.swift; path = Triangle.swift; sourceTree = "<group>"; };
		03151D83249375F200893669 /* Circle.swift */ = {isa = PBXFileReference; lastKnownFileType = sourcecode.swift; path = Circle.swift; sourceTree = "<group>"; };
		03151D852493760700893669 /* Squiggle.swift */ = {isa = PBXFileReference; lastKnownFileType = sourcecode.swift; path = Squiggle.swift; sourceTree = "<group>"; };
		03151D87249376B600893669 /* CardView.swift */ = {isa = PBXFileReference; lastKnownFileType = sourcecode.swift; path = CardView.swift; sourceTree = "<group>"; };
		03344FBA24962BBD003ABFAC /* SetGameView.swift */ = {isa = PBXFileReference; lastKnownFileType = sourcecode.swift; path = SetGameView.swift; sourceTree = "<group>"; };
		03344FBC24964679003ABFAC /* SetGameViewController.swift */ = {isa = PBXFileReference; lastKnownFileType = sourcecode.swift; path = SetGameViewController.swift; sourceTree = "<group>"; };
		03390B0124A09E4000EBDD87 /* InitialViewController.swift */ = {isa = PBXFileReference; lastKnownFileType = sourcecode.swift; path = InitialViewController.swift; sourceTree = "<group>"; };
		036740FB24A8DFE7004B8A05 /* SinglePlayerViewController.swift */ = {isa = PBXFileReference; lastKnownFileType = sourcecode.swift; path = SinglePlayerViewController.swift; sourceTree = "<group>"; };
		036740FD24A9F8C1004B8A05 /* MultiPlayerViewController.swift */ = {isa = PBXFileReference; lastKnownFileType = sourcecode.swift; path = MultiPlayerViewController.swift; sourceTree = "<group>"; };
		0367410124AF372A004B8A05 /* SinglePlayerSet.swift */ = {isa = PBXFileReference; lastKnownFileType = sourcecode.swift; path = SinglePlayerSet.swift; sourceTree = "<group>"; };
		0367410324AF3733004B8A05 /* MultiPlayerSet.swift */ = {isa = PBXFileReference; lastKnownFileType = sourcecode.swift; path = MultiPlayerSet.swift; sourceTree = "<group>"; };
		0367410524AF3AE4004B8A05 /* SetGame.swift */ = {isa = PBXFileReference; lastKnownFileType = sourcecode.swift; path = SetGame.swift; sourceTree = "<group>"; };
		03CAEE54250D30AA0084AD47 /* Grid.swift */ = {isa = PBXFileReference; lastKnownFileType = sourcecode.swift; path = Grid.swift; sourceTree = "<group>"; };
		03F6A017244C385F00E1CFFA /* Set.app */ = {isa = PBXFileReference; explicitFileType = wrapper.application; includeInIndex = 0; path = Set.app; sourceTree = BUILT_PRODUCTS_DIR; };
		03F6A01A244C385F00E1CFFA /* AppDelegate.swift */ = {isa = PBXFileReference; lastKnownFileType = sourcecode.swift; path = AppDelegate.swift; sourceTree = "<group>"; };
		03F6A01C244C385F00E1CFFA /* SceneDelegate.swift */ = {isa = PBXFileReference; lastKnownFileType = sourcecode.swift; path = SceneDelegate.swift; sourceTree = "<group>"; };
		03F6A021244C385F00E1CFFA /* Base */ = {isa = PBXFileReference; lastKnownFileType = file.storyboard; name = Base; path = Base.lproj/Main.storyboard; sourceTree = "<group>"; };
		03F6A023244C386100E1CFFA /* Assets.xcassets */ = {isa = PBXFileReference; lastKnownFileType = folder.assetcatalog; path = Assets.xcassets; sourceTree = "<group>"; };
		03F6A026244C386100E1CFFA /* Base */ = {isa = PBXFileReference; lastKnownFileType = file.storyboard; name = Base; path = Base.lproj/LaunchScreen.storyboard; sourceTree = "<group>"; };
		03F6A028244C386100E1CFFA /* Info.plist */ = {isa = PBXFileReference; lastKnownFileType = text.plist.xml; path = Info.plist; sourceTree = "<group>"; };
		03F6A02F244C947000E1CFFA /* Card.swift */ = {isa = PBXFileReference; lastKnownFileType = sourcecode.swift; path = Card.swift; sourceTree = "<group>"; };
/* End PBXFileReference section */

/* Begin PBXFrameworksBuildPhase section */
		03F6A014244C385F00E1CFFA /* Frameworks */ = {
			isa = PBXFrameworksBuildPhase;
			buildActionMask = 2147483647;
			files = (
			);
			runOnlyForDeploymentPostprocessing = 0;
		};
/* End PBXFrameworksBuildPhase section */

/* Begin PBXGroup section */
		03151D77249370C800893669 /* View */ = {
			isa = PBXGroup;
			children = (
				03CAEE54250D30AA0084AD47 /* Grid.swift */,
				03151D87249376B600893669 /* CardView.swift */,
				03151D7C249371B800893669 /* ShapeView.swift */,
				03344FBA24962BBD003ABFAC /* SetGameView.swift */,
				03151D7E249374D200893669 /* Shapes */,
			);
			path = View;
			sourceTree = "<group>";
		};
		03151D7E249374D200893669 /* Shapes */ = {
			isa = PBXGroup;
			children = (
				03151D7F249374EC00893669 /* Shape.swift */,
				03151D81249375C500893669 /* Triangle.swift */,
				03151D83249375F200893669 /* Circle.swift */,
				03151D852493760700893669 /* Squiggle.swift */,
			);
			path = Shapes;
			sourceTree = "<group>";
		};
		03F6A00E244C385F00E1CFFA = {
			isa = PBXGroup;
			children = (
				03F6A019244C385F00E1CFFA /* Set */,
				03F6A018244C385F00E1CFFA /* Products */,
			);
			sourceTree = "<group>";
		};
		03F6A018244C385F00E1CFFA /* Products */ = {
			isa = PBXGroup;
			children = (
				03F6A017244C385F00E1CFFA /* Set.app */,
			);
			name = Products;
			sourceTree = "<group>";
		};
		03F6A019244C385F00E1CFFA /* Set */ = {
			isa = PBXGroup;
			children = (
				03151D77249370C800893669 /* View */,
				03F6A02E244C945100E1CFFA /* Model */,
				03F6A01A244C385F00E1CFFA /* AppDelegate.swift */,
				03F6A01C244C385F00E1CFFA /* SceneDelegate.swift */,
				03390B0124A09E4000EBDD87 /* InitialViewController.swift */,
				03344FBC24964679003ABFAC /* SetGameViewController.swift */,
				036740FB24A8DFE7004B8A05 /* SinglePlayerViewController.swift */,
				036740FD24A9F8C1004B8A05 /* MultiPlayerViewController.swift */,
				03F6A020244C385F00E1CFFA /* Main.storyboard */,
				03F6A023244C386100E1CFFA /* Assets.xcassets */,
				03F6A025244C386100E1CFFA /* LaunchScreen.storyboard */,
				03F6A028244C386100E1CFFA /* Info.plist */,
			);
			path = Set;
			sourceTree = "<group>";
		};
		03F6A02E244C945100E1CFFA /* Model */ = {
			isa = PBXGroup;
			children = (
				03F6A02F244C947000E1CFFA /* Card.swift */,
				0367410124AF372A004B8A05 /* SinglePlayerSet.swift */,
				0367410324AF3733004B8A05 /* MultiPlayerSet.swift */,
				0367410524AF3AE4004B8A05 /* SetGame.swift */,
			);
			path = Model;
			sourceTree = "<group>";
		};
/* End PBXGroup section */

/* Begin PBXNativeTarget section */
		03F6A016244C385F00E1CFFA /* Set */ = {
			isa = PBXNativeTarget;
			buildConfigurationList = 03F6A02B244C386100E1CFFA /* Build configuration list for PBXNativeTarget "Set" */;
			buildPhases = (
				03F6A013244C385F00E1CFFA /* Sources */,
				03F6A014244C385F00E1CFFA /* Frameworks */,
				03F6A015244C385F00E1CFFA /* Resources */,
			);
			buildRules = (
			);
			dependencies = (
			);
			name = Set;
			productName = "Set-Game";
			productReference = 03F6A017244C385F00E1CFFA /* Set.app */;
			productType = "com.apple.product-type.application";
		};
/* End PBXNativeTarget section */

/* Begin PBXProject section */
		03F6A00F244C385F00E1CFFA /* Project object */ = {
			isa = PBXProject;
			attributes = {
				LastSwiftUpdateCheck = 1130;
				LastUpgradeCheck = 1130;
				ORGANIZATIONNAME = "Niccolò Fontana";
				TargetAttributes = {
					03F6A016244C385F00E1CFFA = {
						CreatedOnToolsVersion = 11.3.1;
					};
				};
			};
			buildConfigurationList = 03F6A012244C385F00E1CFFA /* Build configuration list for PBXProject "Set" */;
			compatibilityVersion = "Xcode 9.3";
			developmentRegion = en;
			hasScannedForEncodings = 0;
			knownRegions = (
				en,
				Base,
			);
			mainGroup = 03F6A00E244C385F00E1CFFA;
			productRefGroup = 03F6A018244C385F00E1CFFA /* Products */;
			projectDirPath = "";
			projectRoot = "";
			targets = (
				03F6A016244C385F00E1CFFA /* Set */,
			);
		};
/* End PBXProject section */

/* Begin PBXResourcesBuildPhase section */
		03F6A015244C385F00E1CFFA /* Resources */ = {
			isa = PBXResourcesBuildPhase;
			buildActionMask = 2147483647;
			files = (
				03F6A027244C386100E1CFFA /* LaunchScreen.storyboard in Resources */,
				03F6A024244C386100E1CFFA /* Assets.xcassets in Resources */,
				03F6A022244C385F00E1CFFA /* Main.storyboard in Resources */,
			);
			runOnlyForDeploymentPostprocessing = 0;
		};
/* End PBXResourcesBuildPhase section */

/* Begin PBXSourcesBuildPhase section */
		03F6A013244C385F00E1CFFA /* Sources */ = {
			isa = PBXSourcesBuildPhase;
			buildActionMask = 2147483647;
			files = (
				03CAEE55250D30AA0084AD47 /* Grid.swift in Sources */,
				03344FBD24964679003ABFAC /* SetGameViewController.swift in Sources */,
				036740FE24A9F8C1004B8A05 /* MultiPlayerViewController.swift in Sources */,
				03390B0224A09E4000EBDD87 /* InitialViewController.swift in Sources */,
				03151D862493760700893669 /* Squiggle.swift in Sources */,
				03F6A01B244C385F00E1CFFA /* AppDelegate.swift in Sources */,
				03151D82249375C500893669 /* Triangle.swift in Sources */,
				03F6A01D244C385F00E1CFFA /* SceneDelegate.swift in Sources */,
				03151D84249375F200893669 /* Circle.swift in Sources */,
				0367410424AF3733004B8A05 /* MultiPlayerSet.swift in Sources */,
				03F6A030244C947000E1CFFA /* Card.swift in Sources */,
				036740FC24A8DFE7004B8A05 /* SinglePlayerViewController.swift in Sources */,
				03344FBB24962BBD003ABFAC /* SetGameView.swift in Sources */,
				0367410224AF372A004B8A05 /* SinglePlayerSet.swift in Sources */,
				0367410624AF3AE4004B8A05 /* SetGame.swift in Sources */,
				03151D7D249371B800893669 /* ShapeView.swift in Sources */,
				03151D88249376B600893669 /* CardView.swift in Sources */,
				03151D80249374EC00893669 /* Shape.swift in Sources */,
			);
			runOnlyForDeploymentPostprocessing = 0;
		};
/* End PBXSourcesBuildPhase section */

/* Begin PBXVariantGroup section */
		03F6A020244C385F00E1CFFA /* Main.storyboard */ = {
			isa = PBXVariantGroup;
			children = (
				03F6A021244C385F00E1CFFA /* Base */,
			);
			name = Main.storyboard;
			sourceTree = "<group>";
		};
		03F6A025244C386100E1CFFA /* LaunchScreen.storyboard */ = {
			isa = PBXVariantGroup;
			children = (
				03F6A026244C386100E1CFFA /* Base */,
			);
			name = LaunchScreen.storyboard;
			sourceTree = "<group>";
		};
/* End PBXVariantGroup section */

/* Begin XCBuildConfiguration section */
		03F6A029244C386100E1CFFA /* Debug */ = {
			isa = XCBuildConfiguration;
			buildSettings = {
				ALWAYS_SEARCH_USER_PATHS = NO;
				CLANG_ANALYZER_NONNULL = YES;
				CLANG_ANALYZER_NUMBER_OBJECT_CONVERSION = YES_AGGRESSIVE;
				CLANG_CXX_LANGUAGE_STANDARD = "gnu++14";
				CLANG_CXX_LIBRARY = "libc++";
				CLANG_ENABLE_MODULES = YES;
				CLANG_ENABLE_OBJC_ARC = YES;
				CLANG_ENABLE_OBJC_WEAK = YES;
				CLANG_WARN_BLOCK_CAPTURE_AUTORELEASING = YES;
				CLANG_WARN_BOOL_CONVERSION = YES;
				CLANG_WARN_COMMA = YES;
				CLANG_WARN_CONSTANT_CONVERSION = YES;
				CLANG_WARN_DEPRECATED_OBJC_IMPLEMENTATIONS = YES;
				CLANG_WARN_DIRECT_OBJC_ISA_USAGE = YES_ERROR;
				CLANG_WARN_DOCUMENTATION_COMMENTS = YES;
				CLANG_WARN_EMPTY_BODY = YES;
				CLANG_WARN_ENUM_CONVERSION = YES;
				CLANG_WARN_INFINITE_RECURSION = YES;
				CLANG_WARN_INT_CONVERSION = YES;
				CLANG_WARN_NON_LITERAL_NULL_CONVERSION = YES;
				CLANG_WARN_OBJC_IMPLICIT_RETAIN_SELF = YES;
				CLANG_WARN_OBJC_LITERAL_CONVERSION = YES;
				CLANG_WARN_OBJC_ROOT_CLASS = YES_ERROR;
				CLANG_WARN_RANGE_LOOP_ANALYSIS = YES;
				CLANG_WARN_STRICT_PROTOTYPES = YES;
				CLANG_WARN_SUSPICIOUS_MOVE = YES;
				CLANG_WARN_UNGUARDED_AVAILABILITY = YES_AGGRESSIVE;
				CLANG_WARN_UNREACHABLE_CODE = YES;
				CLANG_WARN__DUPLICATE_METHOD_MATCH = YES;
				COPY_PHASE_STRIP = NO;
				DEBUG_INFORMATION_FORMAT = dwarf;
				ENABLE_STRICT_OBJC_MSGSEND = YES;
				ENABLE_TESTABILITY = YES;
				GCC_C_LANGUAGE_STANDARD = gnu11;
				GCC_DYNAMIC_NO_PIC = NO;
				GCC_NO_COMMON_BLOCKS = YES;
				GCC_OPTIMIZATION_LEVEL = 0;
				GCC_PREPROCESSOR_DEFINITIONS = (
					"DEBUG=1",
					"$(inherited)",
				);
				GCC_WARN_64_TO_32_BIT_CONVERSION = YES;
				GCC_WARN_ABOUT_RETURN_TYPE = YES_ERROR;
				GCC_WARN_UNDECLARED_SELECTOR = YES;
				GCC_WARN_UNINITIALIZED_AUTOS = YES_AGGRESSIVE;
				GCC_WARN_UNUSED_FUNCTION = YES;
				GCC_WARN_UNUSED_VARIABLE = YES;
				IPHONEOS_DEPLOYMENT_TARGET = 13.2;
				MTL_ENABLE_DEBUG_INFO = INCLUDE_SOURCE;
				MTL_FAST_MATH = YES;
				ONLY_ACTIVE_ARCH = YES;
				SDKROOT = iphoneos;
				SWIFT_ACTIVE_COMPILATION_CONDITIONS = DEBUG;
				SWIFT_OPTIMIZATION_LEVEL = "-Onone";
				SWIFT_VERSION = 5.0;
			};
			name = Debug;
		};
		03F6A02A244C386100E1CFFA /* Release */ = {
			isa = XCBuildConfiguration;
			buildSettings = {
				ALWAYS_SEARCH_USER_PATHS = NO;
				CLANG_ANALYZER_NONNULL = YES;
				CLANG_ANALYZER_NUMBER_OBJECT_CONVERSION = YES_AGGRESSIVE;
				CLANG_CXX_LANGUAGE_STANDARD = "gnu++14";
				CLANG_CXX_LIBRARY = "libc++";
				CLANG_ENABLE_MODULES = YES;
				CLANG_ENABLE_OBJC_ARC = YES;
				CLANG_ENABLE_OBJC_WEAK = YES;
				CLANG_WARN_BLOCK_CAPTURE_AUTORELEASING = YES;
				CLANG_WARN_BOOL_CONVERSION = YES;
				CLANG_WARN_COMMA = YES;
				CLANG_WARN_CONSTANT_CONVERSION = YES;
				CLANG_WARN_DEPRECATED_OBJC_IMPLEMENTATIONS = YES;
				CLANG_WARN_DIRECT_OBJC_ISA_USAGE = YES_ERROR;
				CLANG_WARN_DOCUMENTATION_COMMENTS = YES;
				CLANG_WARN_EMPTY_BODY = YES;
				CLANG_WARN_ENUM_CONVERSION = YES;
				CLANG_WARN_INFINITE_RECURSION = YES;
				CLANG_WARN_INT_CONVERSION = YES;
				CLANG_WARN_NON_LITERAL_NULL_CONVERSION = YES;
				CLANG_WARN_OBJC_IMPLICIT_RETAIN_SELF = YES;
				CLANG_WARN_OBJC_LITERAL_CONVERSION = YES;
				CLANG_WARN_OBJC_ROOT_CLASS = YES_ERROR;
				CLANG_WARN_RANGE_LOOP_ANALYSIS = YES;
				CLANG_WARN_STRICT_PROTOTYPES = YES;
				CLANG_WARN_SUSPICIOUS_MOVE = YES;
				CLANG_WARN_UNGUARDED_AVAILABILITY = YES_AGGRESSIVE;
				CLANG_WARN_UNREACHABLE_CODE = YES;
				CLANG_WARN__DUPLICATE_METHOD_MATCH = YES;
				COPY_PHASE_STRIP = NO;
				DEBUG_INFORMATION_FORMAT = "dwarf-with-dsym";
				ENABLE_NS_ASSERTIONS = NO;
				ENABLE_STRICT_OBJC_MSGSEND = YES;
				GCC_C_LANGUAGE_STANDARD = gnu11;
				GCC_NO_COMMON_BLOCKS = YES;
				GCC_WARN_64_TO_32_BIT_CONVERSION = YES;
				GCC_WARN_ABOUT_RETURN_TYPE = YES_ERROR;
				GCC_WARN_UNDECLARED_SELECTOR = YES;
				GCC_WARN_UNINITIALIZED_AUTOS = YES_AGGRESSIVE;
				GCC_WARN_UNUSED_FUNCTION = YES;
				GCC_WARN_UNUSED_VARIABLE = YES;
				IPHONEOS_DEPLOYMENT_TARGET = 13.2;
				MTL_ENABLE_DEBUG_INFO = NO;
				MTL_FAST_MATH = YES;
				SDKROOT = iphoneos;
				SWIFT_COMPILATION_MODE = wholemodule;
				SWIFT_OPTIMIZATION_LEVEL = "-O";
				SWIFT_VERSION = 5.0;
				VALIDATE_PRODUCT = YES;
			};
			name = Release;
		};
		03F6A02C244C386100E1CFFA /* Debug */ = {
			isa = XCBuildConfiguration;
			buildSettings = {
				ASSETCATALOG_COMPILER_APPICON_NAME = AppIcon;
				CODE_SIGN_STYLE = Automatic;
				DEVELOPMENT_TEAM = C4LEUT795V;
				INFOPLIST_FILE = "$(SRCROOT)/Set/Info.plist";
				LD_RUNPATH_SEARCH_PATHS = (
					"$(inherited)",
					"@executable_path/Frameworks",
				);
				PRODUCT_BUNDLE_IDENTIFIER = me.nicfontana.Set;
				PRODUCT_NAME = "$(TARGET_NAME)";
				SWIFT_VERSION = 5.0;
				TARGETED_DEVICE_FAMILY = "1,2";
			};
			name = Debug;
		};
		03F6A02D244C386100E1CFFA /* Release */ = {
			isa = XCBuildConfiguration;
			buildSettings = {
				ASSETCATALOG_COMPILER_APPICON_NAME = AppIcon;
				CODE_SIGN_STYLE = Automatic;
				DEVELOPMENT_TEAM = C4LEUT795V;
				INFOPLIST_FILE = "$(SRCROOT)/Set/Info.plist";
				LD_RUNPATH_SEARCH_PATHS = (
					"$(inherited)",
					"@executable_path/Frameworks",
				);
				PRODUCT_BUNDLE_IDENTIFIER = me.nicfontana.Set;
				PRODUCT_NAME = "$(TARGET_NAME)";
				SWIFT_VERSION = 5.0;
				TARGETED_DEVICE_FAMILY = "1,2";
			};
			name = Release;
		};
/* End XCBuildConfiguration section */

/* Begin XCConfigurationList section */
		03F6A012244C385F00E1CFFA /* Build configuration list for PBXProject "Set" */ = {
			isa = XCConfigurationList;
			buildConfigurations = (
				03F6A029244C386100E1CFFA /* Debug */,
				03F6A02A244C386100E1CFFA /* Release */,
			);
			defaultConfigurationIsVisible = 0;
			defaultConfigurationName = Release;
		};
		03F6A02B244C386100E1CFFA /* Build configuration list for PBXNativeTarget "Set" */ = {
			isa = XCConfigurationList;
			buildConfigurations = (
				03F6A02C244C386100E1CFFA /* Debug */,
				03F6A02D244C386100E1CFFA /* Release */,
			);
			defaultConfigurationIsVisible = 0;
			defaultConfigurationName = Release;
		};
/* End XCConfigurationList section */
	};
	rootObject = 03F6A00F244C385F00E1CFFA /* Project object */;
}
