// !$*UTF8*$!
{
	archiveVersion = 1;
	classes = {
	};
	objectVersion = 50;
	objects = {

/* Begin PBXBuildFile section */
		037B95512432304400FF9A5E /* Theme.swift in Sources */ = {isa = PBXBuildFile; fileRef = 037B95502432304400FF9A5E /* Theme.swift */; };
		0393C3A4242FA3CC0049B16C /* Concentration.swift in Sources */ = {isa = PBXBuildFile; fileRef = 0393C3A3242FA3CC0049B16C /* Concentration.swift */; };
		0393C3A6242FA7F40049B16C /* Card.swift in Sources */ = {isa = PBXBuildFile; fileRef = 0393C3A5242FA7F40049B16C /* Card.swift */; };
		03A2C5932131A4DB002A37BF /* AppDelegate.swift in Sources */ = {isa = PBXBuildFile; fileRef = 03A2C5922131A4DB002A37BF /* AppDelegate.swift */; };
		03A2C5952131A4DB002A37BF /* ViewController.swift in Sources */ = {isa = PBXBuildFile; fileRef = 03A2C5942131A4DB002A37BF /* ViewController.swift */; };
		03A2C5982131A4DB002A37BF /* Main.storyboard in Resources */ = {isa = PBXBuildFile; fileRef = 03A2C5962131A4DB002A37BF /* Main.storyboard */; };
		03A2C59A2131A4DD002A37BF /* Assets.xcassets in Resources */ = {isa = PBXBuildFile; fileRef = 03A2C5992131A4DD002A37BF /* Assets.xcassets */; };
		03A2C59D2131A4DD002A37BF /* LaunchScreen.storyboard in Resources */ = {isa = PBXBuildFile; fileRef = 03A2C59B2131A4DD002A37BF /* LaunchScreen.storyboard */; };
/* End PBXBuildFile section */

/* Begin PBXFileReference section */
		037B95502432304400FF9A5E /* Theme.swift */ = {isa = PBXFileReference; lastKnownFileType = sourcecode.swift; path = Theme.swift; sourceTree = "<group>"; };
		0393C3A3242FA3CC0049B16C /* Concentration.swift */ = {isa = PBXFileReference; lastKnownFileType = sourcecode.swift; path = Concentration.swift; sourceTree = "<group>"; };
		0393C3A5242FA7F40049B16C /* Card.swift */ = {isa = PBXFileReference; lastKnownFileType = sourcecode.swift; path = Card.swift; sourceTree = "<group>"; };
		03A2C58F2131A4DB002A37BF /* Concentration.app */ = {isa = PBXFileReference; explicitFileType = wrapper.application; includeInIndex = 0; path = Concentration.app; sourceTree = BUILT_PRODUCTS_DIR; };
		03A2C5922131A4DB002A37BF /* AppDelegate.swift */ = {isa = PBXFileReference; lastKnownFileType = sourcecode.swift; path = AppDelegate.swift; sourceTree = "<group>"; };
		03A2C5942131A4DB002A37BF /* ViewController.swift */ = {isa = PBXFileReference; lastKnownFileType = sourcecode.swift; path = ViewController.swift; sourceTree = "<group>"; };
		03A2C5972131A4DB002A37BF /* Base */ = {isa = PBXFileReference; lastKnownFileType = file.storyboard; name = Base; path = Base.lproj/Main.storyboard; sourceTree = "<group>"; };
		03A2C5992131A4DD002A37BF /* Assets.xcassets */ = {isa = PBXFileReference; lastKnownFileType = folder.assetcatalog; path = Assets.xcassets; sourceTree = "<group>"; };
		03A2C59C2131A4DD002A37BF /* Base */ = {isa = PBXFileReference; lastKnownFileType = file.storyboard; name = Base; path = Base.lproj/LaunchScreen.storyboard; sourceTree = "<group>"; };
		03A2C59E2131A4DD002A37BF /* Info.plist */ = {isa = PBXFileReference; lastKnownFileType = text.plist.xml; path = Info.plist; sourceTree = "<group>"; };
/* End PBXFileReference section */

/* Begin PBXFrameworksBuildPhase section */
		03A2C58C2131A4DB002A37BF /* Frameworks */ = {
			isa = PBXFrameworksBuildPhase;
			buildActionMask = 2147483647;
			files = (
			);
			runOnlyForDeploymentPostprocessing = 0;
		};
/* End PBXFrameworksBuildPhase section */

/* Begin PBXGroup section */
		03A2C5862131A4DA002A37BF = {
			isa = PBXGroup;
			children = (
				03A2C5912131A4DB002A37BF /* Concentration */,
				03A2C5902131A4DB002A37BF /* Products */,
			);
			sourceTree = "<group>";
		};
		03A2C5902131A4DB002A37BF /* Products */ = {
			isa = PBXGroup;
			children = (
				03A2C58F2131A4DB002A37BF /* Concentration.app */,
			);
			name = Products;
			sourceTree = "<group>";
		};
		03A2C5912131A4DB002A37BF /* Concentration */ = {
			isa = PBXGroup;
			children = (
				03A2C5A42131A4FF002A37BF /* Supporting Files */,
				03A2C5942131A4DB002A37BF /* ViewController.swift */,
				03A2C5962131A4DB002A37BF /* Main.storyboard */,
				03A2C59E2131A4DD002A37BF /* Info.plist */,
				0393C3A3242FA3CC0049B16C /* Concentration.swift */,
				0393C3A5242FA7F40049B16C /* Card.swift */,
				037B95502432304400FF9A5E /* Theme.swift */,
			);
			path = Concentration;
			sourceTree = "<group>";
		};
		03A2C5A42131A4FF002A37BF /* Supporting Files */ = {
			isa = PBXGroup;
			children = (
				03A2C59B2131A4DD002A37BF /* LaunchScreen.storyboard */,
				03A2C5922131A4DB002A37BF /* AppDelegate.swift */,
				03A2C5992131A4DD002A37BF /* Assets.xcassets */,
			);
			path = "Supporting Files";
			sourceTree = "<group>";
		};
/* End PBXGroup section */

/* Begin PBXNativeTarget section */
		03A2C58E2131A4DB002A37BF /* Concentration */ = {
			isa = PBXNativeTarget;
			buildConfigurationList = 03A2C5A12131A4DD002A37BF /* Build configuration list for PBXNativeTarget "Concentration" */;
			buildPhases = (
				03A2C58B2131A4DB002A37BF /* Sources */,
				03A2C58C2131A4DB002A37BF /* Frameworks */,
				03A2C58D2131A4DB002A37BF /* Resources */,
			);
			buildRules = (
			);
			dependencies = (
			);
			name = Concentration;
			productName = Concentration;
			productReference = 03A2C58F2131A4DB002A37BF /* Concentration.app */;
			productType = "com.apple.product-type.application";
		};
/* End PBXNativeTarget section */

/* Begin PBXProject section */
		03A2C5872131A4DA002A37BF /* Project object */ = {
			isa = PBXProject;
			attributes = {
				LastSwiftUpdateCheck = 0940;
				LastUpgradeCheck = 1130;
				ORGANIZATIONNAME = "Niccolò Fontana";
				TargetAttributes = {
					03A2C58E2131A4DB002A37BF = {
						CreatedOnToolsVersion = 9.4.1;
						LastSwiftMigration = 1130;
					};
				};
			};
			buildConfigurationList = 03A2C58A2131A4DA002A37BF /* Build configuration list for PBXProject "Concentration" */;
			compatibilityVersion = "Xcode 9.3";
			developmentRegion = en;
			hasScannedForEncodings = 0;
			knownRegions = (
				en,
				Base,
			);
			mainGroup = 03A2C5862131A4DA002A37BF;
			productRefGroup = 03A2C5902131A4DB002A37BF /* Products */;
			projectDirPath = "";
			projectRoot = "";
			targets = (
				03A2C58E2131A4DB002A37BF /* Concentration */,
			);
		};
/* End PBXProject section */

/* Begin PBXResourcesBuildPhase section */
		03A2C58D2131A4DB002A37BF /* Resources */ = {
			isa = PBXResourcesBuildPhase;
			buildActionMask = 2147483647;
			files = (
				03A2C59D2131A4DD002A37BF /* LaunchScreen.storyboard in Resources */,
				03A2C59A2131A4DD002A37BF /* Assets.xcassets in Resources */,
				03A2C5982131A4DB002A37BF /* Main.storyboard in Resources */,
			);
			runOnlyForDeploymentPostprocessing = 0;
		};
/* End PBXResourcesBuildPhase section */

/* Begin PBXSourcesBuildPhase section */
		03A2C58B2131A4DB002A37BF /* Sources */ = {
			isa = PBXSourcesBuildPhase;
			buildActionMask = 2147483647;
			files = (
				03A2C5952131A4DB002A37BF /* ViewController.swift in Sources */,
				03A2C5932131A4DB002A37BF /* AppDelegate.swift in Sources */,
				037B95512432304400FF9A5E /* Theme.swift in Sources */,
				0393C3A4242FA3CC0049B16C /* Concentration.swift in Sources */,
				0393C3A6242FA7F40049B16C /* Card.swift in Sources */,
			);
			runOnlyForDeploymentPostprocessing = 0;
		};
/* End PBXSourcesBuildPhase section */

/* Begin PBXVariantGroup section */
		03A2C5962131A4DB002A37BF /* Main.storyboard */ = {
			isa = PBXVariantGroup;
			children = (
				03A2C5972131A4DB002A37BF /* Base */,
			);
			name = Main.storyboard;
			sourceTree = "<group>";
		};
		03A2C59B2131A4DD002A37BF /* LaunchScreen.storyboard */ = {
			isa = PBXVariantGroup;
			children = (
				03A2C59C2131A4DD002A37BF /* Base */,
			);
			name = LaunchScreen.storyboard;
			sourceTree = "<group>";
		};
/* End PBXVariantGroup section */

/* Begin XCBuildConfiguration section */
		03A2C59F2131A4DD002A37BF /* Debug */ = {
			isa = XCBuildConfiguration;
			buildSettings = {
				ALWAYS_SEARCH_USER_PATHS = NO;
				CLANG_ANALYZER_NONNULL = YES;
				CLANG_ANALYZER_NUMBER_OBJECT_CONVERSION = YES_AGGRESSIVE;
				CLANG_CXX_LANGUAGE_STANDARD = "gnu++14";
				CLANG_CXX_LIBRARY = "libc++";
				CLANG_ENABLE_MODULES = YES;
				CLANG_ENABLE_OBJC_ARC = YES;
				CLANG_ENABLE_OBJC_WEAK = YES;
				CLANG_WARN_BLOCK_CAPTURE_AUTORELEASING = YES;
				CLANG_WARN_BOOL_CONVERSION = YES;
				CLANG_WARN_COMMA = YES;
				CLANG_WARN_CONSTANT_CONVERSION = YES;
				CLANG_WARN_DEPRECATED_OBJC_IMPLEMENTATIONS = YES;
				CLANG_WARN_DIRECT_OBJC_ISA_USAGE = YES_ERROR;
				CLANG_WARN_DOCUMENTATION_COMMENTS = YES;
				CLANG_WARN_EMPTY_BODY = YES;
				CLANG_WARN_ENUM_CONVERSION = YES;
				CLANG_WARN_INFINITE_RECURSION = YES;
				CLANG_WARN_INT_CONVERSION = YES;
				CLANG_WARN_NON_LITERAL_NULL_CONVERSION = YES;
				CLANG_WARN_OBJC_IMPLICIT_RETAIN_SELF = YES;
				CLANG_WARN_OBJC_LITERAL_CONVERSION = YES;
				CLANG_WARN_OBJC_ROOT_CLASS = YES_ERROR;
				CLANG_WARN_RANGE_LOOP_ANALYSIS = YES;
				CLANG_WARN_STRICT_PROTOTYPES = YES;
				CLANG_WARN_SUSPICIOUS_MOVE = YES;
				CLANG_WARN_UNGUARDED_AVAILABILITY = YES_AGGRESSIVE;
				CLANG_WARN_UNREACHABLE_CODE = YES;
				CLANG_WARN__DUPLICATE_METHOD_MATCH = YES;
				CODE_SIGN_IDENTITY = "iPhone Developer";
				COPY_PHASE_STRIP = NO;
				DEBUG_INFORMATION_FORMAT = dwarf;
				ENABLE_STRICT_OBJC_MSGSEND = YES;
				ENABLE_TESTABILITY = YES;
				GCC_C_LANGUAGE_STANDARD = gnu11;
				GCC_DYNAMIC_NO_PIC = NO;
				GCC_NO_COMMON_BLOCKS = YES;
				GCC_OPTIMIZATION_LEVEL = 0;
				GCC_PREPROCESSOR_DEFINITIONS = (
					"DEBUG=1",
					"$(inherited)",
				);
				GCC_WARN_64_TO_32_BIT_CONVERSION = YES;
				GCC_WARN_ABOUT_RETURN_TYPE = YES_ERROR;
				GCC_WARN_UNDECLARED_SELECTOR = YES;
				GCC_WARN_UNINITIALIZED_AUTOS = YES_AGGRESSIVE;
				GCC_WARN_UNUSED_FUNCTION = YES;
				GCC_WARN_UNUSED_VARIABLE = YES;
				IPHONEOS_DEPLOYMENT_TARGET = 11.4;
				MTL_ENABLE_DEBUG_INFO = YES;
				ONLY_ACTIVE_ARCH = YES;
				SDKROOT = iphoneos;
				SWIFT_ACTIVE_COMPILATION_CONDITIONS = DEBUG;
				SWIFT_OPTIMIZATION_LEVEL = "-Onone";
			};
			name = Debug;
		};
		03A2C5A02131A4DD002A37BF /* Release */ = {
			isa = XCBuildConfiguration;
			buildSettings = {
				ALWAYS_SEARCH_USER_PATHS = NO;
				CLANG_ANALYZER_NONNULL = YES;
				CLANG_ANALYZER_NUMBER_OBJECT_CONVERSION = YES_AGGRESSIVE;
				CLANG_CXX_LANGUAGE_STANDARD = "gnu++14";
				CLANG_CXX_LIBRARY = "libc++";
				CLANG_ENABLE_MODULES = YES;
				CLANG_ENABLE_OBJC_ARC = YES;
				CLANG_ENABLE_OBJC_WEAK = YES;
				CLANG_WARN_BLOCK_CAPTURE_AUTORELEASING = YES;
				CLANG_WARN_BOOL_CONVERSION = YES;
				CLANG_WARN_COMMA = YES;
				CLANG_WARN_CONSTANT_CONVERSION = YES;
				CLANG_WARN_DEPRECATED_OBJC_IMPLEMENTATIONS = YES;
				CLANG_WARN_DIRECT_OBJC_ISA_USAGE = YES_ERROR;
				CLANG_WARN_DOCUMENTATION_COMMENTS = YES;
				CLANG_WARN_EMPTY_BODY = YES;
				CLANG_WARN_ENUM_CONVERSION = YES;
				CLANG_WARN_INFINITE_RECURSION = YES;
				CLANG_WARN_INT_CONVERSION = YES;
				CLANG_WARN_NON_LITERAL_NULL_CONVERSION = YES;
				CLANG_WARN_OBJC_IMPLICIT_RETAIN_SELF = YES;
				CLANG_WARN_OBJC_LITERAL_CONVERSION = YES;
				CLANG_WARN_OBJC_ROOT_CLASS = YES_ERROR;
				CLANG_WARN_RANGE_LOOP_ANALYSIS = YES;
				CLANG_WARN_STRICT_PROTOTYPES = YES;
				CLANG_WARN_SUSPICIOUS_MOVE = YES;
				CLANG_WARN_UNGUARDED_AVAILABILITY = YES_AGGRESSIVE;
				CLANG_WARN_UNREACHABLE_CODE = YES;
				CLANG_WARN__DUPLICATE_METHOD_MATCH = YES;
				CODE_SIGN_IDENTITY = "iPhone Developer";
				COPY_PHASE_STRIP = NO;
				DEBUG_INFORMATION_FORMAT = "dwarf-with-dsym";
				ENABLE_NS_ASSERTIONS = NO;
				ENABLE_STRICT_OBJC_MSGSEND = YES;
				GCC_C_LANGUAGE_STANDARD = gnu11;
				GCC_NO_COMMON_BLOCKS = YES;
				GCC_WARN_64_TO_32_BIT_CONVERSION = YES;
				GCC_WARN_ABOUT_RETURN_TYPE = YES_ERROR;
				GCC_WARN_UNDECLARED_SELECTOR = YES;
				GCC_WARN_UNINITIALIZED_AUTOS = YES_AGGRESSIVE;
				GCC_WARN_UNUSED_FUNCTION = YES;
				GCC_WARN_UNUSED_VARIABLE = YES;
				IPHONEOS_DEPLOYMENT_TARGET = 11.4;
				MTL_ENABLE_DEBUG_INFO = NO;
				SDKROOT = iphoneos;
				SWIFT_COMPILATION_MODE = wholemodule;
				SWIFT_OPTIMIZATION_LEVEL = "-O";
				VALIDATE_PRODUCT = YES;
			};
			name = Release;
		};
		03A2C5A22131A4DD002A37BF /* Debug */ = {
			isa = XCBuildConfiguration;
			buildSettings = {
				ASSETCATALOG_COMPILER_APPICON_NAME = AppIcon;
				CODE_SIGN_STYLE = Automatic;
				DEVELOPMENT_TEAM = C4LEUT795V;
				INFOPLIST_FILE = Concentration/Info.plist;
				IPHONEOS_DEPLOYMENT_TARGET = 13.2;
				LD_RUNPATH_SEARCH_PATHS = (
					"$(inherited)",
					"@executable_path/Frameworks",
				);
				PRODUCT_BUNDLE_IDENTIFIER = com.niccolo.fontana.Concentration;
				PRODUCT_NAME = "$(TARGET_NAME)";
				SDKROOT = iphoneos;
				SUPPORTED_PLATFORMS = "iphonesimulator iphoneos";
				SWIFT_VERSION = 5.0;
				TARGETED_DEVICE_FAMILY = "1,2";
			};
			name = Debug;
		};
		03A2C5A32131A4DD002A37BF /* Release */ = {
			isa = XCBuildConfiguration;
			buildSettings = {
				ASSETCATALOG_COMPILER_APPICON_NAME = AppIcon;
				CODE_SIGN_STYLE = Automatic;
				DEVELOPMENT_TEAM = C4LEUT795V;
				INFOPLIST_FILE = Concentration/Info.plist;
				IPHONEOS_DEPLOYMENT_TARGET = 13.2;
				LD_RUNPATH_SEARCH_PATHS = (
					"$(inherited)",
					"@executable_path/Frameworks",
				);
				PRODUCT_BUNDLE_IDENTIFIER = com.niccolo.fontana.Concentration;
				PRODUCT_NAME = "$(TARGET_NAME)";
				SDKROOT = iphoneos;
				SUPPORTED_PLATFORMS = "iphonesimulator iphoneos";
				SWIFT_VERSION = 5.0;
				TARGETED_DEVICE_FAMILY = "1,2";
			};
			name = Release;
		};
/* End XCBuildConfiguration section */

/* Begin XCConfigurationList section */
		03A2C58A2131A4DA002A37BF /* Build configuration list for PBXProject "Concentration" */ = {
			isa = XCConfigurationList;
			buildConfigurations = (
				03A2C59F2131A4DD002A37BF /* Debug */,
				03A2C5A02131A4DD002A37BF /* Release */,
			);
			defaultConfigurationIsVisible = 0;
			defaultConfigurationName = Release;
		};
		03A2C5A12131A4DD002A37BF /* Build configuration list for PBXNativeTarget "Concentration" */ = {
			isa = XCConfigurationList;
			buildConfigurations = (
				03A2C5A22131A4DD002A37BF /* Debug */,
				03A2C5A32131A4DD002A37BF /* Release */,
			);
			defaultConfigurationIsVisible = 0;
			defaultConfigurationName = Release;
		};
/* End XCConfigurationList section */
	};
	rootObject = 03A2C5872131A4DA002A37BF /* Project object */;
}
